<?xml version="1.0" encoding="utf-8"?>
<Project ToolsVersion="4.0" xmlns="http://schemas.microsoft.com/developer/msbuild/2003">
  <ItemGroup>
    <Filter Include="源文件">
      <UniqueIdentifier>{4FC737F1-C7A5-4376-A066-2A32D752A2FF}</UniqueIdentifier>
      <Extensions>cpp;c;cc;cxx;def;odl;idl;hpj;bat;asm;asmx</Extensions>
    </Filter>
    <Filter Include="头文件">
      <UniqueIdentifier>{93995380-89BD-4b04-88EB-625FBE52EBFB}</UniqueIdentifier>
      <Extensions>h;hh;hpp;hxx;hm;inl;inc;xsd</Extensions>
    </Filter>
    <Filter Include="资源文件">
      <UniqueIdentifier>{67DA6AB6-F800-4c08-8B7A-83BB121AAD01}</UniqueIdentifier>
      <Extensions>rc;ico;cur;bmp;dlg;rc2;rct;bin;rgs;gif;jpg;jpeg;jpe;resx;tiff;tif;png;wav;mfcribbon-ms</Extensions>
    </Filter>
    <Filter Include="头文件\threads">
      <UniqueIdentifier>{6c340861-9440-4213-8248-f641fed775dd}</UniqueIdentifier>
    </Filter>
    <Filter Include="头文件\Container">
      <UniqueIdentifier>{6507153a-712a-46f3-8801-b7402399e12c}</UniqueIdentifier>
    </Filter>
    <Filter Include="头文件\test">
      <UniqueIdentifier>{baea1fb9-7ffd-4b0b-8a7a-f7e45f137063}</UniqueIdentifier>
    </Filter>
  </ItemGroup>
  <ItemGroup>
    <ClInclude Include="ptr.h">
      <Filter>头文件</Filter>
    </ClInclude>
    <ClInclude Include="prepare.h">
      <Filter>头文件</Filter>
    </ClInclude>
    <ClInclude Include="Container\array.h">
      <Filter>头文件\Container</Filter>
    </ClInclude>
    <ClInclude Include="Container\deque.h">
      <Filter>头文件\Container</Filter>
    </ClInclude>
    <ClInclude Include="Container\forward_list.h">
      <Filter>头文件\Container</Filter>
    </ClInclude>
    <ClInclude Include="Container\list.h">
      <Filter>头文件\Container</Filter>
    </ClInclude>
    <ClInclude Include="Container\map.h">
      <Filter>头文件\Container</Filter>
    </ClInclude>
    <ClInclude Include="Container\priority_queue.h">
      <Filter>头文件\Container</Filter>
    </ClInclude>
    <ClInclude Include="Container\rbtree.h">
      <Filter>头文件\Container</Filter>
    </ClInclude>
    <ClInclude Include="Container\string.h">
      <Filter>头文件\Container</Filter>
    </ClInclude>
    <ClInclude Include="Container\vector.h">
      <Filter>头文件\Container</Filter>
    </ClInclude>
    <ClInclude Include="Container\set.h">
      <Filter>头文件\Container</Filter>
    </ClInclude>
    <ClInclude Include="Container\container.h">
      <Filter>头文件\Container</Filter>
    </ClInclude>
    <ClInclude Include="Container\allocator.h">
      <Filter>头文件\Container</Filter>
    </ClInclude>
    <ClInclude Include="test\debug.h">
      <Filter>头文件\test</Filter>
    </ClInclude>
    <ClInclude Include="test\test.h">
      <Filter>头文件\test</Filter>
    </ClInclude>
    <ClInclude Include="Container\pair.h">
      <Filter>头文件\Container</Filter>
    </ClInclude>
    <ClInclude Include="Container\algorithm.h">
      <Filter>头文件\Container</Filter>
    </ClInclude>
    <ClInclude Include="Container\iterator.h">
      <Filter>头文件\Container</Filter>
    </ClInclude>
    <ClInclude Include="test\Container\vector_test.h">
      <Filter>头文件</Filter>
    </ClInclude>
    <ClInclude Include="Container\hash_table.h">
      <Filter>头文件\Container</Filter>
    </ClInclude>
  </ItemGroup>
  <ItemGroup>
    <ClCompile Include="main.cpp">
      <Filter>源文件</Filter>
    </ClCompile>
  </ItemGroup>
</Project>